
Microsoft Visual Studio Solution File, Format Version 12.00
# Visual Studio Version 17
VisualStudioVersion = 17.3.32901.215
MinimumVisualStudioVersion = 10.0.40219.1
Project("{FAE04EC0-301F-11D3-BF4B-00C04F79EFBC}") = "HW6.1", "HW6.1\HW6.1.csproj", "{A15C1551-D068-4E14-BFA1-112B4A0BE063}"
EndProject
Global
	GlobalSection(SolutionConfigurationPlatforms) = preSolution
		Debug|Any CPU = Debug|Any CPU
		Release|Any CPU = Release|Any CPU
	EndGlobalSection
	GlobalSection(ProjectConfigurationPlatforms) = postSolution
		{A15C1551-D068-4E14-BFA1-112B4A0BE063}.Debug|Any CPU.ActiveCfg = Debug|Any CPU
		{A15C1551-D068-4E14-BFA1-112B4A0BE063}.Debug|Any CPU.Build.0 = Debug|Any CPU
		{A15C1551-D068-4E14-BFA1-112B4A0BE063}.Release|Any CPU.ActiveCfg = Release|Any CPU
		{A15C1551-D068-4E14-BFA1-112B4A0BE063}.Release|Any CPU.Build.0 = Release|Any CPU
	EndGlobalSection
	GlobalSection(SolutionProperties) = preSolution
		HideSolutionNode = FALSE
	EndGlobalSection
	GlobalSection(ExtensibilityGlobals) = postSolution
		SolutionGuid = {FFBCF773-48F0-4C66-A4BF-B02DC5926553}
	EndGlobalSection
EndGlobal
